
Microsoft Visual Studio Solution File, Format Version 12.00
# Visual Studio Version 17
VisualStudioVersion = 17.4.33205.214
MinimumVisualStudioVersion = 10.0.40219.1
Project("{FAE04EC0-301F-11D3-BF4B-00C04F79EFBC}") = "API_Server", "API_Server\API_Server.csproj", "{93122CE8-63A9-4DD3-87E6-8C8FD8F51904}"
EndProject
Global
	GlobalSection(SolutionConfigurationPlatforms) = preSolution
		Debug|Any CPU = Debug|Any CPU
		Release|Any CPU = Release|Any CPU
	EndGlobalSection
	GlobalSection(ProjectConfigurationPlatforms) = postSolution
		{93122CE8-63A9-4DD3-87E6-8C8FD8F51904}.Debug|Any CPU.ActiveCfg = Debug|Any CPU
		{93122CE8-63A9-4DD3-87E6-8C8FD8F51904}.Debug|Any CPU.Build.0 = Debug|Any CPU
		{93122CE8-63A9-4DD3-87E6-8C8FD8F51904}.Release|Any CPU.ActiveCfg = Release|Any CPU
		{93122CE8-63A9-4DD3-87E6-8C8FD8F51904}.Release|Any CPU.Build.0 = Release|Any CPU
	EndGlobalSection
	GlobalSection(SolutionProperties) = preSolution
		HideSolutionNode = FALSE
	EndGlobalSection
	GlobalSection(ExtensibilityGlobals) = postSolution
		SolutionGuid = {D71F26AC-A2BE-4637-90BD-F811969133B6}
	EndGlobalSection
EndGlobal
